
Microsoft Visual Studio Solution File, Format Version 12.00
# Visual Studio Version 17
VisualStudioVersion = 17.7.34024.191
MinimumVisualStudioVersion = 10.0.40219.1
Project("{FAE04EC0-301F-11D3-BF4B-00C04F79EFBC}") = "JsonKeywordDocumentationApp", "JsonKeywordDocumentationApp\JsonKeywordDocumentationApp.csproj", "{EA3E4BD0-6644-49DF-B903-94A359656508}"
EndProject
Project("{FAE04EC0-301F-11D3-BF4B-00C04F79EFBC}") = "JsonKeywordDocumentationLibrary", "JsonKeywordDocumentationLibrary\JsonKeywordDocumentationLibrary.csproj", "{0CCE8DC6-B066-4ACB-B164-5D3F9C223DEF}"
EndProject
Global
	GlobalSection(SolutionConfigurationPlatforms) = preSolution
		Debug|Any CPU = Debug|Any CPU
		Release|Any CPU = Release|Any CPU
	EndGlobalSection
	GlobalSection(ProjectConfigurationPlatforms) = postSolution
		{EA3E4BD0-6644-49DF-B903-94A359656508}.Debug|Any CPU.ActiveCfg = Debug|Any CPU
		{EA3E4BD0-6644-49DF-B903-94A359656508}.Debug|Any CPU.Build.0 = Debug|Any CPU
		{EA3E4BD0-6644-49DF-B903-94A359656508}.Release|Any CPU.ActiveCfg = Release|Any CPU
		{EA3E4BD0-6644-49DF-B903-94A359656508}.Release|Any CPU.Build.0 = Release|Any CPU
		{0CCE8DC6-B066-4ACB-B164-5D3F9C223DEF}.Debug|Any CPU.ActiveCfg = Debug|Any CPU
		{0CCE8DC6-B066-4ACB-B164-5D3F9C223DEF}.Debug|Any CPU.Build.0 = Debug|Any CPU
		{0CCE8DC6-B066-4ACB-B164-5D3F9C223DEF}.Release|Any CPU.ActiveCfg = Release|Any CPU
		{0CCE8DC6-B066-4ACB-B164-5D3F9C223DEF}.Release|Any CPU.Build.0 = Release|Any CPU
	EndGlobalSection
	GlobalSection(SolutionProperties) = preSolution
		HideSolutionNode = FALSE
	EndGlobalSection
	GlobalSection(ExtensibilityGlobals) = postSolution
		SolutionGuid = {A2BCB3BB-7D60-462D-8C6D-B7BDA3DC70C9}
	EndGlobalSection
EndGlobal
